
Microsoft Visual Studio Solution File, Format Version 12.00
# Visual Studio 15
VisualStudioVersion = 15.0.26228.12
MinimumVisualStudioVersion = 10.0.40219.1
Project("{9A19103F-16F7-4668-BE54-9A1E7A4F7556}") = "Logging.Api", "src\Logging.Api\Logging.Api.csproj", "{908A0010-440C-4BC2-8723-183C32DACABA}"
EndProject
Project("{2150E333-8FDC-42A3-9474-1A3956D46DE8}") = "src", "src", "{C874F116-1C47-42DA-A735-C8D2E2979E9D}"
EndProject
Global
	GlobalSection(SolutionConfigurationPlatforms) = preSolution
		Debug|Any CPU = Debug|Any CPU
		Release|Any CPU = Release|Any CPU
	EndGlobalSection
	GlobalSection(ProjectConfigurationPlatforms) = postSolution
		{908A0010-440C-4BC2-8723-183C32DACABA}.Debug|Any CPU.ActiveCfg = Debug|Any CPU
		{908A0010-440C-4BC2-8723-183C32DACABA}.Debug|Any CPU.Build.0 = Debug|Any CPU
		{908A0010-440C-4BC2-8723-183C32DACABA}.Release|Any CPU.ActiveCfg = Release|Any CPU
		{908A0010-440C-4BC2-8723-183C32DACABA}.Release|Any CPU.Build.0 = Release|Any CPU
	EndGlobalSection
	GlobalSection(SolutionProperties) = preSolution
		HideSolutionNode = FALSE
	EndGlobalSection
	GlobalSection(NestedProjects) = preSolution
		{908A0010-440C-4BC2-8723-183C32DACABA} = {C874F116-1C47-42DA-A735-C8D2E2979E9D}
	EndGlobalSection
EndGlobal
